{
  "pins" : [
    {
      "identity" : "ios-gimbal-swift-package",
      "kind" : "remoteSourceControl",
      "location" : "https://github.com/gimbalinc/ios-gimbal-swift-package",
      "state" : {
        "revision" : "57f9d719bf858919c3b2294c889752b91b1286db",
        "version" : "2.94.0"
      }
    },
    {
      "identity" : "ios-library",
      "kind" : "remoteSourceControl",
      "location" : "https://github.com/urbanairship/ios-library",
      "state" : {
        "revision" : "5de76fff7e378773c81a24a2eb1089ce2568d5b3",
        "version" : "18.2.2"
      }
    }
  ],
  "version" : 2
}
