{
  "pins" : [
    {
      "identity" : "ios-gimbal-swift-package",
      "kind" : "remoteSourceControl",
      "location" : "https://github.com/gimbalinc/ios-gimbal-swift-package",
      "state" : {
        "revision" : "4577b2cc28d525cae1ea1b62cadfa17d162d06f4",
        "version" : "2.93.1"
      }
    },
    {
      "identity" : "ios-library",
      "kind" : "remoteSourceControl",
      "location" : "https://github.com/urbanairship/ios-library",
      "state" : {
        "revision" : "dc79ec8426f34d43ad23842265678956020eccde",
        "version" : "17.2.2"
      }
    }
  ],
  "version" : 2
}
